
Microsoft Visual Studio Solution File, Format Version 12.00
# Visual Studio Version 17
VisualStudioVersion = 17.9.34607.119
MinimumVisualStudioVersion = 10.0.40219.1
Project("{FAE04EC0-301F-11D3-BF4B-00C04F79EFBC}") = "CheckPrintingSoftware", "CheckPrintingSoftware\CheckPrintingSoftware.csproj", "{FD42C48D-CE32-4AB4-BD0A-FAA8EA0ECC9B}"
EndProject
Global
	GlobalSection(SolutionConfigurationPlatforms) = preSolution
		Debug|Any CPU = Debug|Any CPU
		Release|Any CPU = Release|Any CPU
	EndGlobalSection
	GlobalSection(ProjectConfigurationPlatforms) = postSolution
		{FD42C48D-CE32-4AB4-BD0A-FAA8EA0ECC9B}.Debug|Any CPU.ActiveCfg = Debug|Any CPU
		{FD42C48D-CE32-4AB4-BD0A-FAA8EA0ECC9B}.Debug|Any CPU.Build.0 = Debug|Any CPU
		{FD42C48D-CE32-4AB4-BD0A-FAA8EA0ECC9B}.Release|Any CPU.ActiveCfg = Release|Any CPU
		{FD42C48D-CE32-4AB4-BD0A-FAA8EA0ECC9B}.Release|Any CPU.Build.0 = Release|Any CPU
	EndGlobalSection
	GlobalSection(SolutionProperties) = preSolution
		HideSolutionNode = FALSE
	EndGlobalSection
	GlobalSection(ExtensibilityGlobals) = postSolution
		SolutionGuid = {9CA7101A-5175-45CC-A847-0BBFA0F1272D}
	EndGlobalSection
EndGlobal
